
Microsoft Visual Studio Solution File, Format Version 12.00
# Visual Studio Version 16
VisualStudioVersion = 25.0.1706.3
MinimumVisualStudioVersion = 10.0.40219.1
Project("{F2A71F9B-5D33-465A-A702-920D77279786}") = "EvenNumbers", "EvenNumbers\EvenNumbers.fsproj", "{D0381C5F-A1DD-4DAB-AFAE-B7E4C1C33B7D}"
EndProject
Project("{F2A71F9B-5D33-465A-A702-920D77279786}") = "EvenNumbers.Tests", "EvenNumbers.Tests\EvenNumbers.Tests.fsproj", "{95DC3707-D258-41D3-83E7-BD516822A830}"
EndProject
Global
	GlobalSection(SolutionConfigurationPlatforms) = preSolution
		Debug|Any CPU = Debug|Any CPU
		Release|Any CPU = Release|Any CPU
	EndGlobalSection
	GlobalSection(ProjectConfigurationPlatforms) = postSolution
		{D0381C5F-A1DD-4DAB-AFAE-B7E4C1C33B7D}.Debug|Any CPU.ActiveCfg = Debug|Any CPU
		{D0381C5F-A1DD-4DAB-AFAE-B7E4C1C33B7D}.Debug|Any CPU.Build.0 = Debug|Any CPU
		{D0381C5F-A1DD-4DAB-AFAE-B7E4C1C33B7D}.Release|Any CPU.ActiveCfg = Release|Any CPU
		{D0381C5F-A1DD-4DAB-AFAE-B7E4C1C33B7D}.Release|Any CPU.Build.0 = Release|Any CPU
		{95DC3707-D258-41D3-83E7-BD516822A830}.Debug|Any CPU.ActiveCfg = Debug|Any CPU
		{95DC3707-D258-41D3-83E7-BD516822A830}.Debug|Any CPU.Build.0 = Debug|Any CPU
		{95DC3707-D258-41D3-83E7-BD516822A830}.Release|Any CPU.ActiveCfg = Release|Any CPU
		{95DC3707-D258-41D3-83E7-BD516822A830}.Release|Any CPU.Build.0 = Release|Any CPU
	EndGlobalSection
	GlobalSection(SolutionProperties) = preSolution
		HideSolutionNode = FALSE
	EndGlobalSection
	GlobalSection(ExtensibilityGlobals) = postSolution
		SolutionGuid = {E54E73B0-7B55-4584-ACB7-F0FEACD51C7C}
	EndGlobalSection
EndGlobal
