
Microsoft Visual Studio Solution File, Format Version 12.00
# Visual Studio Version 16
VisualStudioVersion = 25.0.1706.10
MinimumVisualStudioVersion = 10.0.40219.1
Project("{F2A71F9B-5D33-465A-A702-920D77279786}") = "Brackets", "Brackets\Brackets.fsproj", "{B26871CD-3266-4D15-A5D9-E56EF988A7EF}"
EndProject
Project("{F2A71F9B-5D33-465A-A702-920D77279786}") = "BracketsChecker.Tests", "BracketsChecker.Tests\BracketsChecker.Tests.fsproj", "{38386C22-13A1-4BFF-B58C-A23812F7FDD0}"
EndProject
Global
	GlobalSection(SolutionConfigurationPlatforms) = preSolution
		Debug|Any CPU = Debug|Any CPU
		Release|Any CPU = Release|Any CPU
	EndGlobalSection
	GlobalSection(ProjectConfigurationPlatforms) = postSolution
		{B26871CD-3266-4D15-A5D9-E56EF988A7EF}.Debug|Any CPU.ActiveCfg = Debug|Any CPU
		{B26871CD-3266-4D15-A5D9-E56EF988A7EF}.Debug|Any CPU.Build.0 = Debug|Any CPU
		{B26871CD-3266-4D15-A5D9-E56EF988A7EF}.Release|Any CPU.ActiveCfg = Release|Any CPU
		{B26871CD-3266-4D15-A5D9-E56EF988A7EF}.Release|Any CPU.Build.0 = Release|Any CPU
		{38386C22-13A1-4BFF-B58C-A23812F7FDD0}.Debug|Any CPU.ActiveCfg = Debug|Any CPU
		{38386C22-13A1-4BFF-B58C-A23812F7FDD0}.Debug|Any CPU.Build.0 = Debug|Any CPU
		{38386C22-13A1-4BFF-B58C-A23812F7FDD0}.Release|Any CPU.ActiveCfg = Release|Any CPU
		{38386C22-13A1-4BFF-B58C-A23812F7FDD0}.Release|Any CPU.Build.0 = Release|Any CPU
	EndGlobalSection
	GlobalSection(SolutionProperties) = preSolution
		HideSolutionNode = FALSE
	EndGlobalSection
	GlobalSection(ExtensibilityGlobals) = postSolution
		SolutionGuid = {5AFD0F68-0793-4F4E-8C8D-6924AFE7632C}
	EndGlobalSection
EndGlobal
