
Microsoft Visual Studio Solution File, Format Version 12.00
# Visual Studio Version 16
VisualStudioVersion = 25.0.1706.10
MinimumVisualStudioVersion = 10.0.40219.1
Project("{F2A71F9B-5D33-465A-A702-920D77279786}") = "ProgressCheck", "Fibonachi\ProgressCheck.fsproj", "{66ABB82D-8084-46F1-A921-4EC9FCFFC735}"
EndProject
Project("{F2A71F9B-5D33-465A-A702-920D77279786}") = "ProgresCheck.Tests", "ProgresCheck.Tests\ProgresCheck.Tests.fsproj", "{8F2C9855-9C2B-4A18-9671-817A33E3F5E6}"
EndProject
Global
	GlobalSection(SolutionConfigurationPlatforms) = preSolution
		Debug|Any CPU = Debug|Any CPU
		Release|Any CPU = Release|Any CPU
	EndGlobalSection
	GlobalSection(ProjectConfigurationPlatforms) = postSolution
		{66ABB82D-8084-46F1-A921-4EC9FCFFC735}.Debug|Any CPU.ActiveCfg = Debug|Any CPU
		{66ABB82D-8084-46F1-A921-4EC9FCFFC735}.Debug|Any CPU.Build.0 = Debug|Any CPU
		{66ABB82D-8084-46F1-A921-4EC9FCFFC735}.Release|Any CPU.ActiveCfg = Release|Any CPU
		{66ABB82D-8084-46F1-A921-4EC9FCFFC735}.Release|Any CPU.Build.0 = Release|Any CPU
		{8F2C9855-9C2B-4A18-9671-817A33E3F5E6}.Debug|Any CPU.ActiveCfg = Debug|Any CPU
		{8F2C9855-9C2B-4A18-9671-817A33E3F5E6}.Debug|Any CPU.Build.0 = Debug|Any CPU
		{8F2C9855-9C2B-4A18-9671-817A33E3F5E6}.Release|Any CPU.ActiveCfg = Release|Any CPU
		{8F2C9855-9C2B-4A18-9671-817A33E3F5E6}.Release|Any CPU.Build.0 = Release|Any CPU
	EndGlobalSection
	GlobalSection(SolutionProperties) = preSolution
		HideSolutionNode = FALSE
	EndGlobalSection
	GlobalSection(ExtensibilityGlobals) = postSolution
		SolutionGuid = {016777C5-F1DF-4D97-A98E-90D74961C32C}
	EndGlobalSection
EndGlobal
